
Microsoft Visual Studio Solution File, Format Version 12.00
# Visual Studio Version 17
VisualStudioVersion = 17.11.35312.102
MinimumVisualStudioVersion = 10.0.40219.1
Project("{FAE04EC0-301F-11D3-BF4B-00C04F79EFBC}") = "QL_CuaHangXeMay", "bx\QL_CuaHangXeMay.csproj", "{536669B5-24D1-457C-AF4E-EB94B6BE4F1A}"
EndProject
Global
	GlobalSection(SolutionConfigurationPlatforms) = preSolution
		Debug|Any CPU = Debug|Any CPU
		Release|Any CPU = Release|Any CPU
	EndGlobalSection
	GlobalSection(ProjectConfigurationPlatforms) = postSolution
		{536669B5-24D1-457C-AF4E-EB94B6BE4F1A}.Debug|Any CPU.ActiveCfg = Debug|Any CPU
		{536669B5-24D1-457C-AF4E-EB94B6BE4F1A}.Debug|Any CPU.Build.0 = Debug|Any CPU
		{536669B5-24D1-457C-AF4E-EB94B6BE4F1A}.Release|Any CPU.ActiveCfg = Release|Any CPU
		{536669B5-24D1-457C-AF4E-EB94B6BE4F1A}.Release|Any CPU.Build.0 = Release|Any CPU
	EndGlobalSection
	GlobalSection(SolutionProperties) = preSolution
		HideSolutionNode = FALSE
	EndGlobalSection
	GlobalSection(ExtensibilityGlobals) = postSolution
		SolutionGuid = {CDD33924-2393-485E-8ECE-B4761784C280}
	EndGlobalSection
EndGlobal
